lockfileVersion: '6.0'

settings:
  autoInstallPeers: true
  excludeLinksFromLockfile: false

dependencies:
  allure-commandline:
    specifier: ^2.29.0
    version: 2.29.0
  allure-playwright:
    specifier: 3.0.0-beta.3
    version: 3.0.0-beta.3
  dotenv:
    specifier: ^16.4.5
    version: 16.4.5

devDependencies:
  '@playwright/test':
    specifier: ^1.45.0
    version: 1.45.0
  '@types/node':
    specifier: ^20.14.8
    version: 20.14.8

packages:

  /@playwright/test@1.45.0:
    resolution: {integrity: sha512-TVYsfMlGAaxeUllNkywbwek67Ncf8FRGn8ZlRdO291OL3NjG9oMbfVhyP82HQF0CZLMrYsvesqoUekxdWuF9Qw==}
    engines: {node: '>=18'}
    hasBin: true
    dependencies:
      playwright: 1.45.0
    dev: true

  /@types/node@20.14.8:
    resolution: {integrity: sha512-DO+2/jZinXfROG7j7WKFn/3C6nFwxy2lLpgLjEXJz+0XKphZlTLJ14mo8Vfg8X5BWN6XjyESXq+LcYdT7tR3bA==}
    dependencies:
      undici-types: 5.26.5
    dev: true

  /allure-commandline@2.29.0:
    resolution: {integrity: sha512-he/oWJflViIdEmuQ4er5k+xRd//PaVVElHHTx01h6W71KM9qKiLeF5MloV93UBYoJRzjD9fgbZedSMKemCEGkQ==}
    hasBin: true
    dev: false

  /allure-js-commons@3.0.0-beta.3:
    resolution: {integrity: sha512-akVMlszV8yw7WciiizHjiW646mRAbz5ClI9Dqa6l3pzAL46IH09/XN5QCQf19csVUZWA7T7sffRiQVc+9tIfRg==}
    dependencies:
      md5: 2.3.0
      properties: 1.2.1
    dev: false

  /allure-playwright@3.0.0-beta.3:
    resolution: {integrity: sha512-4TD2IZbSRWrDdO6OtAdRt5UHOWphAscGeLG1yhTK8NvWNIhJPD+3xUets9KEEs5822Lp1Sd/3EcPjxWxJlVwpw==}
    dependencies:
      allure-js-commons: 3.0.0-beta.3
    dev: false

  /charenc@0.0.2:
    resolution: {integrity: sha512-yrLQ/yVUFXkzg7EDQsPieE/53+0RlaWTs+wBrvW36cyilJ2SaDWfl4Yj7MtLTXleV9uEKefbAGUPv2/iWSooRA==}
    dev: false

  /crypt@0.0.2:
    resolution: {integrity: sha512-mCxBlsHFYh9C+HVpiEacem8FEBnMXgU9gy4zmNC+SXAZNB/1idgp/aulFJ4FgCi7GPEVbfyng092GqL2k2rmow==}
    dev: false

  /dotenv@16.4.5:
    resolution: {integrity: sha512-ZmdL2rui+eB2YwhsWzjInR8LldtZHGDoQ1ugH85ppHKwpUHL7j7rN0Ti9NCnGiQbhaZ11FpR+7ao1dNsmduNUg==}
    engines: {node: '>=12'}
    dev: false

  /fsevents@2.3.2:
    resolution: {integrity: sha512-xiqMQR4xAeHTuB9uWm+fFRcIOgKBMiOBP+eXiyT7jsgVCq1bkVygt00oASowB7EdtpOHaaPgKt812P9ab+DDKA==}
    engines: {node: ^8.16.0 || ^10.6.0 || >=11.0.0}
    os: [darwin]
    requiresBuild: true
    dev: true
    optional: true

  /is-buffer@1.1.6:
    resolution: {integrity: sha512-NcdALwpXkTm5Zvvbk7owOUSvVvBKDgKP5/ewfXEznmQFfs4ZRmanOeKBTjRVjka3QFoN6XJ+9F3USqfHqTaU5w==}
    dev: false

  /md5@2.3.0:
    resolution: {integrity: sha512-T1GITYmFaKuO91vxyoQMFETst+O71VUPEU3ze5GNzDm0OWdP8v1ziTaAEPUr/3kLsY3Sftgz242A1SetQiDL7g==}
    dependencies:
      charenc: 0.0.2
      crypt: 0.0.2
      is-buffer: 1.1.6
    dev: false

  /playwright-core@1.45.0:
    resolution: {integrity: sha512-lZmHlFQ0VYSpAs43dRq1/nJ9G/6SiTI7VPqidld9TDefL9tX87bTKExWZZUF5PeRyqtXqd8fQi2qmfIedkwsNQ==}
    engines: {node: '>=18'}
    hasBin: true
    dev: true

  /playwright@1.45.0:
    resolution: {integrity: sha512-4z3ac3plDfYzGB6r0Q3LF8POPR20Z8D0aXcxbJvmfMgSSq1hkcgvFRXJk9rUq5H/MJ0Ktal869hhOdI/zUTeLA==}
    engines: {node: '>=18'}
    hasBin: true
    dependencies:
      playwright-core: 1.45.0
    optionalDependencies:
      fsevents: 2.3.2
    dev: true

  /properties@1.2.1:
    resolution: {integrity: sha512-qYNxyMj1JeW54i/EWEFsM1cVwxJbtgPp8+0Wg9XjNaK6VE/c4oRi6PNu5p7w1mNXEIQIjV5Wwn8v8Gz82/QzdQ==}
    engines: {node: '>=0.10'}
    dev: false

  /undici-types@5.26.5:
    resolution: {integrity: sha512-JlCMO+ehdEIKqlFxk6IfVoAUVmgz7cU7zD/h9XZ0qzeosSHmUJVOzSQvvYSYWXkFXC+IfLKSIffhv0sVZup6pA==}
    dev: true
